
Microsoft Visual Studio Solution File, Format Version 12.00
# Visual Studio Version 17
VisualStudioVersion = 17.2.32630.192
MinimumVisualStudioVersion = 10.0.40219.1
Project("{FAE04EC0-301F-11D3-BF4B-00C04F79EFBC}") = "PenisGun", "PenisGun.csproj", "{315C0141-0940-4A55-9B31-7D30C244A687}"
EndProject
Global
	GlobalSection(SolutionConfigurationPlatforms) = preSolution
		Debug|Any CPU = Debug|Any CPU
		Release|Any CPU = Release|Any CPU
	EndGlobalSection
	GlobalSection(ProjectConfigurationPlatforms) = postSolution
		{315C0141-0940-4A55-9B31-7D30C244A687}.Debug|Any CPU.ActiveCfg = Debug|Any CPU
		{315C0141-0940-4A55-9B31-7D30C244A687}.Debug|Any CPU.Build.0 = Debug|Any CPU
		{315C0141-0940-4A55-9B31-7D30C244A687}.Release|Any CPU.ActiveCfg = Release|Any CPU
		{315C0141-0940-4A55-9B31-7D30C244A687}.Release|Any CPU.Build.0 = Release|Any CPU
	EndGlobalSection
	GlobalSection(SolutionProperties) = preSolution
		HideSolutionNode = FALSE
	EndGlobalSection
	GlobalSection(ExtensibilityGlobals) = postSolution
		SolutionGuid = {4D1950F2-4013-4F3C-9566-8A1ECA798E20}
	EndGlobalSection
EndGlobal
